{
  "requires": true,
  "lockfileVersion": 1,
  "dependencies": {
    "@salesforce-ux/design-system": {
      "version": "2.19.0",
      "resolved": "https://registry.npmjs.org/@salesforce-ux/design-system/-/design-system-2.19.0.tgz",
      "integrity": "sha512-WmMzB7eqZ67OZ9sS5A6MI3BKmyOevjwZCuizg43ahukzc7lsvlQheHX0TKuHvL8oVaZSrChFIz6gmMQk9+mmSw=="
    },
    "install": {
      "version": "0.13.0",
      "resolved": "https://registry.npmjs.org/install/-/install-0.13.0.tgz",
      "integrity": "sha512-zDml/jzr2PKU9I8J/xyZBQn8rPCAY//UOYNmR01XwNwyfhEWObo2SWfSl1+0tm1u6PhxLwDnfsT/6jB7OUxqFA=="
    }
  }
}
